
Microsoft Visual Studio Solution File, Format Version 12.00
# Visual Studio Version 16
VisualStudioVersion = 16.0.31624.102
MinimumVisualStudioVersion = 10.0.40219.1
Project("{FAE04EC0-301F-11D3-BF4B-00C04F79EFBC}") = "Exercise1_OOP", "Exercise1_OOP\Exercise1_OOP.csproj", "{90230846-6189-452F-B30F-C2E7506BAB2D}"
EndProject
Global
	GlobalSection(SolutionConfigurationPlatforms) = preSolution
		Debug|Any CPU = Debug|Any CPU
		Release|Any CPU = Release|Any CPU
	EndGlobalSection
	GlobalSection(ProjectConfigurationPlatforms) = postSolution
		{90230846-6189-452F-B30F-C2E7506BAB2D}.Debug|Any CPU.ActiveCfg = Debug|Any CPU
		{90230846-6189-452F-B30F-C2E7506BAB2D}.Debug|Any CPU.Build.0 = Debug|Any CPU
		{90230846-6189-452F-B30F-C2E7506BAB2D}.Release|Any CPU.ActiveCfg = Release|Any CPU
		{90230846-6189-452F-B30F-C2E7506BAB2D}.Release|Any CPU.Build.0 = Release|Any CPU
	EndGlobalSection
	GlobalSection(SolutionProperties) = preSolution
		HideSolutionNode = FALSE
	EndGlobalSection
	GlobalSection(ExtensibilityGlobals) = postSolution
		SolutionGuid = {3F4A5D4D-4838-4D74-83D0-DDD775433316}
	EndGlobalSection
EndGlobal
