
Microsoft Visual Studio Solution File, Format Version 12.00
# Visual Studio Version 16
VisualStudioVersion = 16.0.31624.102
MinimumVisualStudioVersion = 10.0.40219.1
Project("{FAE04EC0-301F-11D3-BF4B-00C04F79EFBC}") = "Frm_SPM_NIDAQ", "Frm_SPM_NIDAQ\Frm_SPM_NIDAQ.csproj", "{643AD241-85D8-4995-9559-3C9DC38051A6}"
EndProject
Global
	GlobalSection(SolutionConfigurationPlatforms) = preSolution
		Debug|Any CPU = Debug|Any CPU
		Release|Any CPU = Release|Any CPU
	EndGlobalSection
	GlobalSection(ProjectConfigurationPlatforms) = postSolution
		{643AD241-85D8-4995-9559-3C9DC38051A6}.Debug|Any CPU.ActiveCfg = Debug|Any CPU
		{643AD241-85D8-4995-9559-3C9DC38051A6}.Debug|Any CPU.Build.0 = Debug|Any CPU
		{643AD241-85D8-4995-9559-3C9DC38051A6}.Release|Any CPU.ActiveCfg = Release|Any CPU
		{643AD241-85D8-4995-9559-3C9DC38051A6}.Release|Any CPU.Build.0 = Release|Any CPU
	EndGlobalSection
	GlobalSection(SolutionProperties) = preSolution
		HideSolutionNode = FALSE
	EndGlobalSection
	GlobalSection(ExtensibilityGlobals) = postSolution
		SolutionGuid = {FA246EC5-925E-45D4-ABA0-25B75F26EACB}
	EndGlobalSection
EndGlobal
