
Microsoft Visual Studio Solution File, Format Version 12.00
# Visual Studio Version 16
VisualStudioVersion = 16.0.31624.102
MinimumVisualStudioVersion = 10.0.40219.1
Project("{FAE04EC0-301F-11D3-BF4B-00C04F79EFBC}") = "Polynomial", "Polynomial\Polynomial.csproj", "{13435285-E008-45F0-BA90-A05BD7E74721}"
EndProject
Global
	GlobalSection(SolutionConfigurationPlatforms) = preSolution
		Debug|Any CPU = Debug|Any CPU
		Release|Any CPU = Release|Any CPU
	EndGlobalSection
	GlobalSection(ProjectConfigurationPlatforms) = postSolution
		{13435285-E008-45F0-BA90-A05BD7E74721}.Debug|Any CPU.ActiveCfg = Debug|Any CPU
		{13435285-E008-45F0-BA90-A05BD7E74721}.Debug|Any CPU.Build.0 = Debug|Any CPU
		{13435285-E008-45F0-BA90-A05BD7E74721}.Release|Any CPU.ActiveCfg = Release|Any CPU
		{13435285-E008-45F0-BA90-A05BD7E74721}.Release|Any CPU.Build.0 = Release|Any CPU
	EndGlobalSection
	GlobalSection(SolutionProperties) = preSolution
		HideSolutionNode = FALSE
	EndGlobalSection
	GlobalSection(ExtensibilityGlobals) = postSolution
		SolutionGuid = {05E08565-1103-4D29-8779-9CC462968BF9}
	EndGlobalSection
EndGlobal
