
Microsoft Visual Studio Solution File, Format Version 12.00
# Visual Studio Version 16
VisualStudioVersion = 16.0.31624.102
MinimumVisualStudioVersion = 10.0.40219.1
Project("{FAE04EC0-301F-11D3-BF4B-00C04F79EFBC}") = "Exercise2_Account", "Exercise2_Account\Exercise2_Account.csproj", "{5FE615AA-5635-4C8A-BD43-D2C4C54C6F17}"
EndProject
Global
	GlobalSection(SolutionConfigurationPlatforms) = preSolution
		Debug|Any CPU = Debug|Any CPU
		Release|Any CPU = Release|Any CPU
	EndGlobalSection
	GlobalSection(ProjectConfigurationPlatforms) = postSolution
		{5FE615AA-5635-4C8A-BD43-D2C4C54C6F17}.Debug|Any CPU.ActiveCfg = Debug|Any CPU
		{5FE615AA-5635-4C8A-BD43-D2C4C54C6F17}.Debug|Any CPU.Build.0 = Debug|Any CPU
		{5FE615AA-5635-4C8A-BD43-D2C4C54C6F17}.Release|Any CPU.ActiveCfg = Release|Any CPU
		{5FE615AA-5635-4C8A-BD43-D2C4C54C6F17}.Release|Any CPU.Build.0 = Release|Any CPU
	EndGlobalSection
	GlobalSection(SolutionProperties) = preSolution
		HideSolutionNode = FALSE
	EndGlobalSection
	GlobalSection(ExtensibilityGlobals) = postSolution
		SolutionGuid = {07EB31C2-D10D-4AB3-9C99-0FA1D265D7E9}
	EndGlobalSection
EndGlobal
