
Microsoft Visual Studio Solution File, Format Version 12.00
# Visual Studio Version 16
VisualStudioVersion = 16.0.31624.102
MinimumVisualStudioVersion = 10.0.40219.1
Project("{FAE04EC0-301F-11D3-BF4B-00C04F79EFBC}") = "GaussianFunction", "GaussianFunction\GaussianFunction.csproj", "{585557FA-715C-44EE-AAEB-255CAA7BA18F}"
EndProject
Global
	GlobalSection(SolutionConfigurationPlatforms) = preSolution
		Debug|Any CPU = Debug|Any CPU
		Release|Any CPU = Release|Any CPU
	EndGlobalSection
	GlobalSection(ProjectConfigurationPlatforms) = postSolution
		{585557FA-715C-44EE-AAEB-255CAA7BA18F}.Debug|Any CPU.ActiveCfg = Debug|Any CPU
		{585557FA-715C-44EE-AAEB-255CAA7BA18F}.Debug|Any CPU.Build.0 = Debug|Any CPU
		{585557FA-715C-44EE-AAEB-255CAA7BA18F}.Release|Any CPU.ActiveCfg = Release|Any CPU
		{585557FA-715C-44EE-AAEB-255CAA7BA18F}.Release|Any CPU.Build.0 = Release|Any CPU
	EndGlobalSection
	GlobalSection(SolutionProperties) = preSolution
		HideSolutionNode = FALSE
	EndGlobalSection
	GlobalSection(ExtensibilityGlobals) = postSolution
		SolutionGuid = {2D4C2940-2F3A-45EB-9CF5-F999C6E61492}
	EndGlobalSection
EndGlobal
