
Microsoft Visual Studio Solution File, Format Version 12.00
# Visual Studio Version 16
VisualStudioVersion = 16.0.31624.102
MinimumVisualStudioVersion = 10.0.40219.1
Project("{FAE04EC0-301F-11D3-BF4B-00C04F79EFBC}") = "FunctionGeneratorNiDAQ", "FunctionGeneratorNiDAQ\FunctionGeneratorNiDAQ.csproj", "{ECC4986D-A1B6-4F13-BE88-ED0BFC3C7AC8}"
EndProject
Global
	GlobalSection(SolutionConfigurationPlatforms) = preSolution
		Debug|Any CPU = Debug|Any CPU
		Release|Any CPU = Release|Any CPU
	EndGlobalSection
	GlobalSection(ProjectConfigurationPlatforms) = postSolution
		{ECC4986D-A1B6-4F13-BE88-ED0BFC3C7AC8}.Debug|Any CPU.ActiveCfg = Debug|Any CPU
		{ECC4986D-A1B6-4F13-BE88-ED0BFC3C7AC8}.Debug|Any CPU.Build.0 = Debug|Any CPU
		{ECC4986D-A1B6-4F13-BE88-ED0BFC3C7AC8}.Release|Any CPU.ActiveCfg = Release|Any CPU
		{ECC4986D-A1B6-4F13-BE88-ED0BFC3C7AC8}.Release|Any CPU.Build.0 = Release|Any CPU
	EndGlobalSection
	GlobalSection(SolutionProperties) = preSolution
		HideSolutionNode = FALSE
	EndGlobalSection
	GlobalSection(ExtensibilityGlobals) = postSolution
		SolutionGuid = {5CBEB024-83F1-4F73-A9CB-A58B8321E14F}
	EndGlobalSection
EndGlobal
